
Microsoft Visual Studio Solution File, Format Version 12.00
# Visual Studio Version 17
VisualStudioVersion = 17.1.32210.238
MinimumVisualStudioVersion = 10.0.40219.1
Project("{FAE04EC0-301F-11D3-BF4B-00C04F79EFBC}") = "客户信息管理系统", "客户信息管理系统.csproj", "{05E475ED-D0C5-4C25-9933-86401300F818}"
EndProject
Global
	GlobalSection(SolutionConfigurationPlatforms) = preSolution
		Debug|Any CPU = Debug|Any CPU
		Release|Any CPU = Release|Any CPU
	EndGlobalSection
	GlobalSection(ProjectConfigurationPlatforms) = postSolution
		{05E475ED-D0C5-4C25-9933-86401300F818}.Debug|Any CPU.ActiveCfg = Debug|Any CPU
		{05E475ED-D0C5-4C25-9933-86401300F818}.Debug|Any CPU.Build.0 = Debug|Any CPU
		{05E475ED-D0C5-4C25-9933-86401300F818}.Release|Any CPU.ActiveCfg = Release|Any CPU
		{05E475ED-D0C5-4C25-9933-86401300F818}.Release|Any CPU.Build.0 = Release|Any CPU
	EndGlobalSection
	GlobalSection(SolutionProperties) = preSolution
		HideSolutionNode = FALSE
	EndGlobalSection
	GlobalSection(ExtensibilityGlobals) = postSolution
		SolutionGuid = {74570F54-98D8-4877-8CAA-CD0DB4242916}
	EndGlobalSection
EndGlobal
